
Microsoft Visual Studio Solution File, Format Version 12.00
# Visual Studio Version 17
VisualStudioVersion = 17.4.33213.308
MinimumVisualStudioVersion = 10.0.40219.1
Project("{9A19103F-16F7-4668-BE54-9A1E7A4F7556}") = "Codeshell.Abp.Attachments.Application", "modules\attachments\src\Codeshell.Abp.Attachments.Application\Codeshell.Abp.Attachments.Application.csproj", "{5B29AC69-8111-4B38-85B3-6F6810A9A4E7}"
EndProject
Project("{2150E333-8FDC-42A3-9474-1A3956D46DE8}") = "Attachments", "Attachments", "{79F1F98E-2DAE-409C-BECB-5C445FFC25A0}"
EndProject
Project("{9A19103F-16F7-4668-BE54-9A1E7A4F7556}") = "Codeshell.Abp.Attachments.Application.Contracts", "modules\attachments\src\Codeshell.Abp.Attachments.Application.Contracts\Codeshell.Abp.Attachments.Application.Contracts.csproj", "{8273C752-0E43-4145-8721-F04C5D4A2125}"
EndProject
Project("{9A19103F-16F7-4668-BE54-9A1E7A4F7556}") = "Codeshell.Abp.Attachments.Domain", "modules\attachments\src\Codeshell.Abp.Attachments.Domain\Codeshell.Abp.Attachments.Domain.csproj", "{F690997B-EDB5-4317-B9C3-DBB5601AD5B7}"
EndProject
Project("{9A19103F-16F7-4668-BE54-9A1E7A4F7556}") = "Codeshell.Abp.Attachments.Domain.Shared", "modules\attachments\src\Codeshell.Abp.Attachments.Domain.Shared\Codeshell.Abp.Attachments.Domain.Shared.csproj", "{DCB8B2A7-7090-4AC2-A257-87F3AC8BFF24}"
EndProject
Project("{9A19103F-16F7-4668-BE54-9A1E7A4F7556}") = "Codeshell.Abp.Attachments.EntityFrameworkCore", "modules\attachments\src\Codeshell.Abp.Attachments.EntityFrameworkCore\Codeshell.Abp.Attachments.EntityFrameworkCore.csproj", "{09EAEAAC-DF37-4995-B476-C0BA6F184946}"
EndProject
Project("{9A19103F-16F7-4668-BE54-9A1E7A4F7556}") = "Codeshell.Abp.Attachments.HttpApi", "modules\attachments\src\Codeshell.Abp.Attachments.HttpApi\Codeshell.Abp.Attachments.HttpApi.csproj", "{46E367E5-F0B8-41CE-8D6F-D03383E2F591}"
EndProject
Project("{9A19103F-16F7-4668-BE54-9A1E7A4F7556}") = "Codeshell.Abp.Attachments.HttpApi.Client", "modules\attachments\src\Codeshell.Abp.Attachments.HttpApi.Client\Codeshell.Abp.Attachments.HttpApi.Client.csproj", "{71553634-7B82-475A-9321-46B219A47766}"
EndProject
Project("{9A19103F-16F7-4668-BE54-9A1E7A4F7556}") = "Codeshell.Abp.Application", "modules\codeshell\Codeshell.Abp.Application\Codeshell.Abp.Application.csproj", "{93E02922-1BCA-45E6-A3C8-80022081B22E}"
EndProject
Project("{9A19103F-16F7-4668-BE54-9A1E7A4F7556}") = "Codeshell.Abp.Application.Contracts", "modules\codeshell\Codeshell.Abp.Application.Contracts\Codeshell.Abp.Application.Contracts.csproj", "{A81E499C-57F7-4D19-A41A-0FB575819FA7}"
EndProject
Project("{9A19103F-16F7-4668-BE54-9A1E7A4F7556}") = "Codeshell.Abp.Cli", "modules\codeshell\Codeshell.Abp.Cli\Codeshell.Abp.Cli.csproj", "{31DD8736-6DD9-4AC7-BFA3-2280D060F220}"
EndProject
Project("{9A19103F-16F7-4668-BE54-9A1E7A4F7556}") = "Codeshell.Abp.Domain", "modules\codeshell\Codeshell.Abp.Domain\Codeshell.Abp.Domain.csproj", "{53A49CFD-AF49-4280-A791-A69C1D0DABA6}"
EndProject
Project("{9A19103F-16F7-4668-BE54-9A1E7A4F7556}") = "Codeshell.Abp.Domain.Shared", "modules\codeshell\Codeshell.Abp.Domain.Shared\Codeshell.Abp.Domain.Shared.csproj", "{A9AA03B3-BC5E-42AE-8E98-26D7A8B9E5CF}"
EndProject
Project("{9A19103F-16F7-4668-BE54-9A1E7A4F7556}") = "Codeshell.Abp.EntityFramework", "modules\codeshell\Codeshell.Abp.EntityFramework\Codeshell.Abp.EntityFramework.csproj", "{0FBDF3EE-F867-4342-BF0A-5E70A77925A5}"
EndProject
Project("{9A19103F-16F7-4668-BE54-9A1E7A4F7556}") = "Codeshell.Abp.Http", "modules\codeshell\Codeshell.Abp.Http\Codeshell.Abp.Http.csproj", "{39C51857-1C20-44CD-935B-3310FFC3625F}"
EndProject
Project("{9A19103F-16F7-4668-BE54-9A1E7A4F7556}") = "Codeshell.Abp.Importation", "modules\codeshell\Codeshell.Abp.Importation\Codeshell.Abp.Importation.csproj", "{A73B1EB8-F11A-4BF9-AE7B-093E64CAD9D5}"
EndProject
Project("{FAE04EC0-301F-11D3-BF4B-00C04F79EFBC}") = "Codeshell.Abp.Attachments.BlobStorage", "modules\attachments\src\Codeshell.Abp.Attachments.BlobStorage\Codeshell.Abp.Attachments.BlobStorage.csproj", "{47BB4A47-BC7F-5D7B-017C-D1487B03626C}"
EndProject
Project("{2150E333-8FDC-42A3-9474-1A3956D46DE8}") = "01 Core", "01 Core", "{02EA681E-C7D8-13C7-8484-4AC65E1B71E8}"
EndProject
Project("{2150E333-8FDC-42A3-9474-1A3956D46DE8}") = "Solution Items", "Solution Items", "{0E6E5222-AD56-4759-BB02-24EE415EFBCF}"
	ProjectSection(SolutionItems) = preProject
		Directory.Packages.props = Directory.Packages.props
	EndProjectSection
EndProject
Project("{2150E333-8FDC-42A3-9474-1A3956D46DE8}") = "Notifications", "Notifications", "{87721F24-DD72-4D59-87EC-61D687979F46}"
EndProject
Project("{FAE04EC0-301F-11D3-BF4B-00C04F79EFBC}") = "Codeshell.Abp.Notifications.Domain", "modules\notifications\CodeShell.Abp.Notifications.Domain\Codeshell.Abp.Notifications.Domain.csproj", "{39790FFF-23A8-2033-E96E-2C0FC5CF1FDB}"
EndProject
Project("{FAE04EC0-301F-11D3-BF4B-00C04F79EFBC}") = "Codeshell.Abp.Notifications.Domain.Shared", "modules\notifications\CodeShell.Abp.Notifications.Domain.Shared\Codeshell.Abp.Notifications.Domain.Shared.csproj", "{10608165-4329-06A4-240F-32AB75559D8A}"
EndProject
Project("{FAE04EC0-301F-11D3-BF4B-00C04F79EFBC}") = "Codeshell.Abp.Notifications.Application", "modules\notifications\CodeShell.Abp.Notifications.Application\Codeshell.Abp.Notifications.Application.csproj", "{4E6D3EBD-3908-5FCC-CC42-CB3731FFBC0B}"
EndProject
Project("{FAE04EC0-301F-11D3-BF4B-00C04F79EFBC}") = "Codeshell.Abp.Notifications.Application.Contracts", "modules\notifications\CodeShell.Abp.Notifications.Application.Contracts\Codeshell.Abp.Notifications.Application.Contracts.csproj", "{5571AEB5-B67C-E5ED-0AEB-BCF116CDEB59}"
EndProject
Project("{FAE04EC0-301F-11D3-BF4B-00C04F79EFBC}") = "Codeshell.Abp.Notifications.EntityFramework", "modules\notifications\CodeShell.Abp.Notifications.EntityFramework\Codeshell.Abp.Notifications.EntityFramework.csproj", "{DC05CE8C-B0A5-5B46-D30D-EBF49C6CB2FF}"
EndProject
Project("{FAE04EC0-301F-11D3-BF4B-00C04F79EFBC}") = "Codeshell.Abp.Notifications.Web", "modules\notifications\CodeShell.Abp.Notifications.Web\Codeshell.Abp.Notifications.Web.csproj", "{624F8BA7-0FD6-0B8C-43A0-020CDC76065F}"
EndProject
Project("{2150E333-8FDC-42A3-9474-1A3956D46DE8}") = "02 Modules", "02 Modules", "{FD729B8A-7F16-4420-A28A-C3D797979DDE}"
EndProject
Project("{2150E333-8FDC-42A3-9474-1A3956D46DE8}") = "Integration", "Integration", "{FACC05A1-C666-4683-A85C-F3ADCFF1FC81}"
EndProject
Project("{2150E333-8FDC-42A3-9474-1A3956D46DE8}") = "Cli_Dispatch", "Cli_Dispatch", "{FC82BA89-2AAF-4913-AA15-DBDBEB62ACC9}"
EndProject
Project("{2150E333-8FDC-42A3-9474-1A3956D46DE8}") = "Importation", "Importation", "{992D3DB6-622D-4ED8-9754-7DB5E327065F}"
EndProject
Project("{FAE04EC0-301F-11D3-BF4B-00C04F79EFBC}") = "Codeshell.Abp.Integration.Firebase", "modules\proxy\CodeShell.Abp.Proxy.Firebase\Codeshell.Abp.Integration.Firebase.csproj", "{E139F42D-BE78-6AC9-833D-AF234DD6FB37}"
EndProject
Project("{FAE04EC0-301F-11D3-BF4B-00C04F79EFBC}") = "Codeshell.Abp.Integration.Twilio", "modules\proxy\CodeShell.Abp.Proxy.Twillio\Codeshell.Abp.Integration.Twilio.csproj", "{4BCB5DAF-7C98-FEB1-1E1B-BAB590DE26D3}"
EndProject
Global
	GlobalSection(SolutionConfigurationPlatforms) = preSolution
		Debug|Any CPU = Debug|Any CPU
		Release|Any CPU = Release|Any CPU
	EndGlobalSection
	GlobalSection(ProjectConfigurationPlatforms) = postSolution
		{5B29AC69-8111-4B38-85B3-6F6810A9A4E7}.Debug|Any CPU.ActiveCfg = Debug|Any CPU
		{5B29AC69-8111-4B38-85B3-6F6810A9A4E7}.Debug|Any CPU.Build.0 = Debug|Any CPU
		{5B29AC69-8111-4B38-85B3-6F6810A9A4E7}.Release|Any CPU.ActiveCfg = Release|Any CPU
		{5B29AC69-8111-4B38-85B3-6F6810A9A4E7}.Release|Any CPU.Build.0 = Release|Any CPU
		{8273C752-0E43-4145-8721-F04C5D4A2125}.Debug|Any CPU.ActiveCfg = Debug|Any CPU
		{8273C752-0E43-4145-8721-F04C5D4A2125}.Debug|Any CPU.Build.0 = Debug|Any CPU
		{8273C752-0E43-4145-8721-F04C5D4A2125}.Release|Any CPU.ActiveCfg = Release|Any CPU
		{8273C752-0E43-4145-8721-F04C5D4A2125}.Release|Any CPU.Build.0 = Release|Any CPU
		{F690997B-EDB5-4317-B9C3-DBB5601AD5B7}.Debug|Any CPU.ActiveCfg = Debug|Any CPU
		{F690997B-EDB5-4317-B9C3-DBB5601AD5B7}.Debug|Any CPU.Build.0 = Debug|Any CPU
		{F690997B-EDB5-4317-B9C3-DBB5601AD5B7}.Release|Any CPU.ActiveCfg = Release|Any CPU
		{F690997B-EDB5-4317-B9C3-DBB5601AD5B7}.Release|Any CPU.Build.0 = Release|Any CPU
		{DCB8B2A7-7090-4AC2-A257-87F3AC8BFF24}.Debug|Any CPU.ActiveCfg = Debug|Any CPU
		{DCB8B2A7-7090-4AC2-A257-87F3AC8BFF24}.Debug|Any CPU.Build.0 = Debug|Any CPU
		{DCB8B2A7-7090-4AC2-A257-87F3AC8BFF24}.Release|Any CPU.ActiveCfg = Release|Any CPU
		{DCB8B2A7-7090-4AC2-A257-87F3AC8BFF24}.Release|Any CPU.Build.0 = Release|Any CPU
		{09EAEAAC-DF37-4995-B476-C0BA6F184946}.Debug|Any CPU.ActiveCfg = Debug|Any CPU
		{09EAEAAC-DF37-4995-B476-C0BA6F184946}.Debug|Any CPU.Build.0 = Debug|Any CPU
		{09EAEAAC-DF37-4995-B476-C0BA6F184946}.Release|Any CPU.ActiveCfg = Release|Any CPU
		{09EAEAAC-DF37-4995-B476-C0BA6F184946}.Release|Any CPU.Build.0 = Release|Any CPU
		{46E367E5-F0B8-41CE-8D6F-D03383E2F591}.Debug|Any CPU.ActiveCfg = Debug|Any CPU
		{46E367E5-F0B8-41CE-8D6F-D03383E2F591}.Debug|Any CPU.Build.0 = Debug|Any CPU
		{46E367E5-F0B8-41CE-8D6F-D03383E2F591}.Release|Any CPU.ActiveCfg = Release|Any CPU
		{46E367E5-F0B8-41CE-8D6F-D03383E2F591}.Release|Any CPU.Build.0 = Release|Any CPU
		{71553634-7B82-475A-9321-46B219A47766}.Debug|Any CPU.ActiveCfg = Debug|Any CPU
		{71553634-7B82-475A-9321-46B219A47766}.Debug|Any CPU.Build.0 = Debug|Any CPU
		{71553634-7B82-475A-9321-46B219A47766}.Release|Any CPU.ActiveCfg = Release|Any CPU
		{71553634-7B82-475A-9321-46B219A47766}.Release|Any CPU.Build.0 = Release|Any CPU
		{93E02922-1BCA-45E6-A3C8-80022081B22E}.Debug|Any CPU.ActiveCfg = Debug|Any CPU
		{93E02922-1BCA-45E6-A3C8-80022081B22E}.Debug|Any CPU.Build.0 = Debug|Any CPU
		{93E02922-1BCA-45E6-A3C8-80022081B22E}.Release|Any CPU.ActiveCfg = Release|Any CPU
		{93E02922-1BCA-45E6-A3C8-80022081B22E}.Release|Any CPU.Build.0 = Release|Any CPU
		{A81E499C-57F7-4D19-A41A-0FB575819FA7}.Debug|Any CPU.ActiveCfg = Debug|Any CPU
		{A81E499C-57F7-4D19-A41A-0FB575819FA7}.Debug|Any CPU.Build.0 = Debug|Any CPU
		{A81E499C-57F7-4D19-A41A-0FB575819FA7}.Release|Any CPU.ActiveCfg = Release|Any CPU
		{A81E499C-57F7-4D19-A41A-0FB575819FA7}.Release|Any CPU.Build.0 = Release|Any CPU
		{31DD8736-6DD9-4AC7-BFA3-2280D060F220}.Debug|Any CPU.ActiveCfg = Debug|Any CPU
		{31DD8736-6DD9-4AC7-BFA3-2280D060F220}.Debug|Any CPU.Build.0 = Debug|Any CPU
		{31DD8736-6DD9-4AC7-BFA3-2280D060F220}.Release|Any CPU.ActiveCfg = Release|Any CPU
		{31DD8736-6DD9-4AC7-BFA3-2280D060F220}.Release|Any CPU.Build.0 = Release|Any CPU
		{53A49CFD-AF49-4280-A791-A69C1D0DABA6}.Debug|Any CPU.ActiveCfg = Debug|Any CPU
		{53A49CFD-AF49-4280-A791-A69C1D0DABA6}.Debug|Any CPU.Build.0 = Debug|Any CPU
		{53A49CFD-AF49-4280-A791-A69C1D0DABA6}.Release|Any CPU.ActiveCfg = Release|Any CPU
		{53A49CFD-AF49-4280-A791-A69C1D0DABA6}.Release|Any CPU.Build.0 = Release|Any CPU
		{A9AA03B3-BC5E-42AE-8E98-26D7A8B9E5CF}.Debug|Any CPU.ActiveCfg = Debug|Any CPU
		{A9AA03B3-BC5E-42AE-8E98-26D7A8B9E5CF}.Debug|Any CPU.Build.0 = Debug|Any CPU
		{A9AA03B3-BC5E-42AE-8E98-26D7A8B9E5CF}.Release|Any CPU.ActiveCfg = Release|Any CPU
		{A9AA03B3-BC5E-42AE-8E98-26D7A8B9E5CF}.Release|Any CPU.Build.0 = Release|Any CPU
		{0FBDF3EE-F867-4342-BF0A-5E70A77925A5}.Debug|Any CPU.ActiveCfg = Debug|Any CPU
		{0FBDF3EE-F867-4342-BF0A-5E70A77925A5}.Debug|Any CPU.Build.0 = Debug|Any CPU
		{0FBDF3EE-F867-4342-BF0A-5E70A77925A5}.Release|Any CPU.ActiveCfg = Release|Any CPU
		{0FBDF3EE-F867-4342-BF0A-5E70A77925A5}.Release|Any CPU.Build.0 = Release|Any CPU
		{39C51857-1C20-44CD-935B-3310FFC3625F}.Debug|Any CPU.ActiveCfg = Debug|Any CPU
		{39C51857-1C20-44CD-935B-3310FFC3625F}.Debug|Any CPU.Build.0 = Debug|Any CPU
		{39C51857-1C20-44CD-935B-3310FFC3625F}.Release|Any CPU.ActiveCfg = Release|Any CPU
		{39C51857-1C20-44CD-935B-3310FFC3625F}.Release|Any CPU.Build.0 = Release|Any CPU
		{A73B1EB8-F11A-4BF9-AE7B-093E64CAD9D5}.Debug|Any CPU.ActiveCfg = Debug|Any CPU
		{A73B1EB8-F11A-4BF9-AE7B-093E64CAD9D5}.Debug|Any CPU.Build.0 = Debug|Any CPU
		{A73B1EB8-F11A-4BF9-AE7B-093E64CAD9D5}.Release|Any CPU.ActiveCfg = Release|Any CPU
		{A73B1EB8-F11A-4BF9-AE7B-093E64CAD9D5}.Release|Any CPU.Build.0 = Release|Any CPU
		{47BB4A47-BC7F-5D7B-017C-D1487B03626C}.Debug|Any CPU.ActiveCfg = Debug|Any CPU
		{47BB4A47-BC7F-5D7B-017C-D1487B03626C}.Debug|Any CPU.Build.0 = Debug|Any CPU
		{47BB4A47-BC7F-5D7B-017C-D1487B03626C}.Release|Any CPU.ActiveCfg = Release|Any CPU
		{47BB4A47-BC7F-5D7B-017C-D1487B03626C}.Release|Any CPU.Build.0 = Release|Any CPU
		{39790FFF-23A8-2033-E96E-2C0FC5CF1FDB}.Debug|Any CPU.ActiveCfg = Debug|Any CPU
		{39790FFF-23A8-2033-E96E-2C0FC5CF1FDB}.Debug|Any CPU.Build.0 = Debug|Any CPU
		{39790FFF-23A8-2033-E96E-2C0FC5CF1FDB}.Release|Any CPU.ActiveCfg = Release|Any CPU
		{39790FFF-23A8-2033-E96E-2C0FC5CF1FDB}.Release|Any CPU.Build.0 = Release|Any CPU
		{10608165-4329-06A4-240F-32AB75559D8A}.Debug|Any CPU.ActiveCfg = Debug|Any CPU
		{10608165-4329-06A4-240F-32AB75559D8A}.Debug|Any CPU.Build.0 = Debug|Any CPU
		{10608165-4329-06A4-240F-32AB75559D8A}.Release|Any CPU.ActiveCfg = Release|Any CPU
		{10608165-4329-06A4-240F-32AB75559D8A}.Release|Any CPU.Build.0 = Release|Any CPU
		{4E6D3EBD-3908-5FCC-CC42-CB3731FFBC0B}.Debug|Any CPU.ActiveCfg = Debug|Any CPU
		{4E6D3EBD-3908-5FCC-CC42-CB3731FFBC0B}.Debug|Any CPU.Build.0 = Debug|Any CPU
		{4E6D3EBD-3908-5FCC-CC42-CB3731FFBC0B}.Release|Any CPU.ActiveCfg = Release|Any CPU
		{4E6D3EBD-3908-5FCC-CC42-CB3731FFBC0B}.Release|Any CPU.Build.0 = Release|Any CPU
		{5571AEB5-B67C-E5ED-0AEB-BCF116CDEB59}.Debug|Any CPU.ActiveCfg = Debug|Any CPU
		{5571AEB5-B67C-E5ED-0AEB-BCF116CDEB59}.Debug|Any CPU.Build.0 = Debug|Any CPU
		{5571AEB5-B67C-E5ED-0AEB-BCF116CDEB59}.Release|Any CPU.ActiveCfg = Release|Any CPU
		{5571AEB5-B67C-E5ED-0AEB-BCF116CDEB59}.Release|Any CPU.Build.0 = Release|Any CPU
		{DC05CE8C-B0A5-5B46-D30D-EBF49C6CB2FF}.Debug|Any CPU.ActiveCfg = Debug|Any CPU
		{DC05CE8C-B0A5-5B46-D30D-EBF49C6CB2FF}.Debug|Any CPU.Build.0 = Debug|Any CPU
		{DC05CE8C-B0A5-5B46-D30D-EBF49C6CB2FF}.Release|Any CPU.ActiveCfg = Release|Any CPU
		{DC05CE8C-B0A5-5B46-D30D-EBF49C6CB2FF}.Release|Any CPU.Build.0 = Release|Any CPU
		{624F8BA7-0FD6-0B8C-43A0-020CDC76065F}.Debug|Any CPU.ActiveCfg = Debug|Any CPU
		{624F8BA7-0FD6-0B8C-43A0-020CDC76065F}.Debug|Any CPU.Build.0 = Debug|Any CPU
		{624F8BA7-0FD6-0B8C-43A0-020CDC76065F}.Release|Any CPU.ActiveCfg = Release|Any CPU
		{624F8BA7-0FD6-0B8C-43A0-020CDC76065F}.Release|Any CPU.Build.0 = Release|Any CPU
		{E139F42D-BE78-6AC9-833D-AF234DD6FB37}.Debug|Any CPU.ActiveCfg = Debug|Any CPU
		{E139F42D-BE78-6AC9-833D-AF234DD6FB37}.Debug|Any CPU.Build.0 = Debug|Any CPU
		{E139F42D-BE78-6AC9-833D-AF234DD6FB37}.Release|Any CPU.ActiveCfg = Release|Any CPU
		{E139F42D-BE78-6AC9-833D-AF234DD6FB37}.Release|Any CPU.Build.0 = Release|Any CPU
		{4BCB5DAF-7C98-FEB1-1E1B-BAB590DE26D3}.Debug|Any CPU.ActiveCfg = Debug|Any CPU
		{4BCB5DAF-7C98-FEB1-1E1B-BAB590DE26D3}.Debug|Any CPU.Build.0 = Debug|Any CPU
		{4BCB5DAF-7C98-FEB1-1E1B-BAB590DE26D3}.Release|Any CPU.ActiveCfg = Release|Any CPU
		{4BCB5DAF-7C98-FEB1-1E1B-BAB590DE26D3}.Release|Any CPU.Build.0 = Release|Any CPU
	EndGlobalSection
	GlobalSection(SolutionProperties) = preSolution
		HideSolutionNode = FALSE
	EndGlobalSection
	GlobalSection(NestedProjects) = preSolution
		{5B29AC69-8111-4B38-85B3-6F6810A9A4E7} = {79F1F98E-2DAE-409C-BECB-5C445FFC25A0}
		{79F1F98E-2DAE-409C-BECB-5C445FFC25A0} = {FD729B8A-7F16-4420-A28A-C3D797979DDE}
		{8273C752-0E43-4145-8721-F04C5D4A2125} = {79F1F98E-2DAE-409C-BECB-5C445FFC25A0}
		{F690997B-EDB5-4317-B9C3-DBB5601AD5B7} = {79F1F98E-2DAE-409C-BECB-5C445FFC25A0}
		{DCB8B2A7-7090-4AC2-A257-87F3AC8BFF24} = {79F1F98E-2DAE-409C-BECB-5C445FFC25A0}
		{09EAEAAC-DF37-4995-B476-C0BA6F184946} = {79F1F98E-2DAE-409C-BECB-5C445FFC25A0}
		{46E367E5-F0B8-41CE-8D6F-D03383E2F591} = {79F1F98E-2DAE-409C-BECB-5C445FFC25A0}
		{71553634-7B82-475A-9321-46B219A47766} = {79F1F98E-2DAE-409C-BECB-5C445FFC25A0}
		{93E02922-1BCA-45E6-A3C8-80022081B22E} = {02EA681E-C7D8-13C7-8484-4AC65E1B71E8}
		{A81E499C-57F7-4D19-A41A-0FB575819FA7} = {02EA681E-C7D8-13C7-8484-4AC65E1B71E8}
		{31DD8736-6DD9-4AC7-BFA3-2280D060F220} = {FC82BA89-2AAF-4913-AA15-DBDBEB62ACC9}
		{53A49CFD-AF49-4280-A791-A69C1D0DABA6} = {02EA681E-C7D8-13C7-8484-4AC65E1B71E8}
		{A9AA03B3-BC5E-42AE-8E98-26D7A8B9E5CF} = {02EA681E-C7D8-13C7-8484-4AC65E1B71E8}
		{0FBDF3EE-F867-4342-BF0A-5E70A77925A5} = {02EA681E-C7D8-13C7-8484-4AC65E1B71E8}
		{39C51857-1C20-44CD-935B-3310FFC3625F} = {02EA681E-C7D8-13C7-8484-4AC65E1B71E8}
		{A73B1EB8-F11A-4BF9-AE7B-093E64CAD9D5} = {992D3DB6-622D-4ED8-9754-7DB5E327065F}
		{47BB4A47-BC7F-5D7B-017C-D1487B03626C} = {79F1F98E-2DAE-409C-BECB-5C445FFC25A0}
		{87721F24-DD72-4D59-87EC-61D687979F46} = {FD729B8A-7F16-4420-A28A-C3D797979DDE}
		{39790FFF-23A8-2033-E96E-2C0FC5CF1FDB} = {87721F24-DD72-4D59-87EC-61D687979F46}
		{10608165-4329-06A4-240F-32AB75559D8A} = {87721F24-DD72-4D59-87EC-61D687979F46}
		{4E6D3EBD-3908-5FCC-CC42-CB3731FFBC0B} = {87721F24-DD72-4D59-87EC-61D687979F46}
		{5571AEB5-B67C-E5ED-0AEB-BCF116CDEB59} = {87721F24-DD72-4D59-87EC-61D687979F46}
		{DC05CE8C-B0A5-5B46-D30D-EBF49C6CB2FF} = {87721F24-DD72-4D59-87EC-61D687979F46}
		{624F8BA7-0FD6-0B8C-43A0-020CDC76065F} = {87721F24-DD72-4D59-87EC-61D687979F46}
		{FACC05A1-C666-4683-A85C-F3ADCFF1FC81} = {FD729B8A-7F16-4420-A28A-C3D797979DDE}
		{FC82BA89-2AAF-4913-AA15-DBDBEB62ACC9} = {FD729B8A-7F16-4420-A28A-C3D797979DDE}
		{992D3DB6-622D-4ED8-9754-7DB5E327065F} = {FD729B8A-7F16-4420-A28A-C3D797979DDE}
		{E139F42D-BE78-6AC9-833D-AF234DD6FB37} = {FACC05A1-C666-4683-A85C-F3ADCFF1FC81}
		{4BCB5DAF-7C98-FEB1-1E1B-BAB590DE26D3} = {FACC05A1-C666-4683-A85C-F3ADCFF1FC81}
	EndGlobalSection
	GlobalSection(ExtensibilityGlobals) = postSolution
		SolutionGuid = {C59926E8-EA5E-42C2-8509-2F2785627F23}
	EndGlobalSection
EndGlobal
