Microsoft Visual Studio Solution File, Format Version 12.00
# Visual Studio Version 16
VisualStudioVersion = 16.0.29001.49
MinimumVisualStudioVersion = 10.0.40219.1
Project("{9A19103F-16F7-4668-BE54-9A1E7A4F7556}") = "SASO.Attachments.Domain.Shared", "src\SASO.Attachments.Domain.Shared\SASO.Attachments.Domain.Shared.csproj", "{D64C1577-4929-4B60-939E-96DE1534891A}"
EndProject
Project("{9A19103F-16F7-4668-BE54-9A1E7A4F7556}") = "SASO.Attachments.Domain", "src\SASO.Attachments.Domain\SASO.Attachments.Domain.csproj", "{F2840BC7-0188-4606-9126-DADD0F5ABF7A}"
EndProject
Project("{9A19103F-16F7-4668-BE54-9A1E7A4F7556}") = "SASO.Attachments.Application.Contracts", "src\SASO.Attachments.Application.Contracts\SASO.Attachments.Application.Contracts.csproj", "{BD65D04F-08D5-40C1-8C24-77CA0BACB877}"
EndProject
Project("{9A19103F-16F7-4668-BE54-9A1E7A4F7556}") = "SASO.Attachments.Application", "src\SASO.Attachments.Application\SASO.Attachments.Application.csproj", "{78040F9E-3501-4A40-82DF-00A597710F35}"
EndProject
Project("{2150E333-8FDC-42A3-9474-1A3956D46DE8}") = "4 module", "4 module", "{649A3FFA-182F-4E56-9717-E6A9A2BEC545}"
EndProject
Project("{2150E333-8FDC-42A3-9474-1A3956D46DE8}") = "6 test", "6 test", "{CCD2960C-23CC-4AB4-B84D-60C7AAA52F4D}"
EndProject
Project("{2150E333-8FDC-42A3-9474-1A3956D46DE8}") = "5 host", "5 host", "{E400416D-2895-4512-9D17-90681EEC7E0A}"
EndProject
Project("{9A19103F-16F7-4668-BE54-9A1E7A4F7556}") = "SASO.Attachments.EntityFrameworkCore", "src\SASO.Attachments.EntityFrameworkCore\SASO.Attachments.EntityFrameworkCore.csproj", "{0CE86223-D31D-4315-A1F5-87BA3EE1B844}"
EndProject
Project("{9A19103F-16F7-4668-BE54-9A1E7A4F7556}") = "SASO.Attachments.HttpApi", "src\SASO.Attachments.HttpApi\SASO.Attachments.HttpApi.csproj", "{077AA5F8-8B61-420C-A6B5-0150A66FDB34}"
EndProject
Project("{9A19103F-16F7-4668-BE54-9A1E7A4F7556}") = "SASO.Attachments.HttpApi.Client", "src\SASO.Attachments.HttpApi.Client\SASO.Attachments.HttpApi.Client.csproj", "{36E2735F-CEAB-44C8-A6D1-2CDAFF399751}"
EndProject
Project("{9A19103F-16F7-4668-BE54-9A1E7A4F7556}") = "SASO.Attachments.TestBase", "test\SASO.Attachments.TestBase\SASO.Attachments.TestBase.csproj", "{C5BB573D-3030-4BCB-88B7-F6A85C32766C}"
EndProject
Project("{9A19103F-16F7-4668-BE54-9A1E7A4F7556}") = "SASO.Attachments.EntityFrameworkCore.Tests", "test\SASO.Attachments.EntityFrameworkCore.Tests\SASO.Attachments.EntityFrameworkCore.Tests.csproj", "{527F645C-C1FC-406E-8479-81386C8ECF13}"
EndProject
Project("{9A19103F-16F7-4668-BE54-9A1E7A4F7556}") = "SASO.Attachments.Domain.Tests", "test\SASO.Attachments.Domain.Tests\SASO.Attachments.Domain.Tests.csproj", "{E60895E5-79C4-447D-88B7-85CB5BA336A4}"
EndProject
Project("{9A19103F-16F7-4668-BE54-9A1E7A4F7556}") = "SASO.Attachments.Application.Tests", "test\SASO.Attachments.Application.Tests\SASO.Attachments.Application.Tests.csproj", "{90CB5DC4-C040-45C7-8900-9688B26405BC}"
EndProject
Project("{9A19103F-16F7-4668-BE54-9A1E7A4F7556}") = "SASO.Attachments.HttpApi.Client.ConsoleTestApp", "test\SASO.Attachments.HttpApi.Client.ConsoleTestApp\SASO.Attachments.HttpApi.Client.ConsoleTestApp.csproj", "{1EDCD6D4-DF3A-4E3B-ABB6-C0D0B373EAB8}"
EndProject
Project("{9A19103F-16F7-4668-BE54-9A1E7A4F7556}") = "SASO.Attachments.EntityFrameworkCore.DbMigrations", "src\SASO.Attachments.EntityFrameworkCore.DbMigrations\SASO.Attachments.EntityFrameworkCore.DbMigrations.csproj", "{758CA6D3-AACA-476F-8F4D-7A7B45F2487F}"
EndProject
Project("{9A19103F-16F7-4668-BE54-9A1E7A4F7556}") = "SASO.Attachments.Host", "..\..\microservices\SASO.Attachments.Host\SASO.Attachments.Host.csproj", "{B271B9CF-DD5D-4DF1-AEFC-41A4CC99FB6F}"
EndProject
Project("{9A19103F-16F7-4668-BE54-9A1E7A4F7556}") = "Maneh.Shared.Application", "..\..\shared\Maneh.Shared.Application\Maneh.Shared.Application.csproj", "{25DA74D0-7D75-499B-897F-852C3904D959}"
EndProject
Project("{2150E333-8FDC-42A3-9474-1A3956D46DE8}") = "1 shared", "1 shared", "{8D86EFA8-84A9-4B36-965C-B901C012D20F}"
EndProject
Project("{2150E333-8FDC-42A3-9474-1A3956D46DE8}") = "3 clients", "3 clients", "{E7DEEFBE-43DA-48A7-A782-7FFA558F8D42}"
EndProject
Project("{2150E333-8FDC-42A3-9474-1A3956D46DE8}") = "2 integration", "2 integration", "{9C98E8FE-1898-458D-9FFD-31ADC8B65293}"
EndProject
Project("{9A19103F-16F7-4668-BE54-9A1E7A4F7556}") = "Maneh.Shared.Application.Contracts", "..\..\shared\Maneh.Shared.Application.Contracts\Maneh.Shared.Application.Contracts.csproj", "{65B7E8C4-90B3-4C38-8077-13657182A17E}"
EndProject
Project("{9A19103F-16F7-4668-BE54-9A1E7A4F7556}") = "Maneh.Shared.Domain", "..\..\shared\Maneh.Shared.Domain\Maneh.Shared.Domain.csproj", "{69C7D17C-0993-463F-A103-8232D43D7C55}"
EndProject
Project("{9A19103F-16F7-4668-BE54-9A1E7A4F7556}") = "Maneh.Shared.Domain.Shared", "..\..\shared\Maneh.Shared.Domain.Shared\Maneh.Shared.Domain.Shared.csproj", "{E214D561-D6C6-48FA-8534-AC54A0365242}"
EndProject
Project("{9A19103F-16F7-4668-BE54-9A1E7A4F7556}") = "Maneh.Shared.EntityFramework", "..\..\shared\Maneh.Shared.EntityFramework\Maneh.Shared.EntityFramework.csproj", "{A78A6B6A-FD9A-454F-AC06-5FC88118E883}"
EndProject
Project("{9A19103F-16F7-4668-BE54-9A1E7A4F7556}") = "Maneh.Shared.Http.Host", "..\..\shared\Maneh.Shared.Http.Host\Maneh.Shared.Http.Host.csproj", "{2C202C59-148C-4376-8E5E-6A53ADD1E19C}"
EndProject
Project("{9A19103F-16F7-4668-BE54-9A1E7A4F7556}") = "Maneh.ClientGateway.Host", "..\..\gateways\Maneh.ClientGateway.Host\Maneh.ClientGateway.Host.csproj", "{19336F72-1224-4C03-9A8B-17748A464011}"
EndProject
Project("{9A19103F-16F7-4668-BE54-9A1E7A4F7556}") = "Maneh.InternalGateway.Host", "..\..\gateways\Maneh.InternalGateway.Host\Maneh.InternalGateway.Host.csproj", "{5D57DD2E-BC6D-431A-94B2-B876E67A6510}"
EndProject
Project("{2150E333-8FDC-42A3-9474-1A3956D46DE8}") = "gateways", "gateways", "{F9D31E78-763E-4EDA-99D4-448D604452C1}"
EndProject
Project("{9A19103F-16F7-4668-BE54-9A1E7A4F7556}") = "Thiqah.Abp.BlobStoring.Aws", "..\..\integration\Thiqah.Abp.BlobStoring.Aws\Thiqah.Abp.BlobStoring.Aws.csproj", "{85349CC7-CDB6-4789-9FC4-FDDCB6D500EA}"
EndProject
Global
	GlobalSection(SolutionConfigurationPlatforms) = preSolution
		Debug|Any CPU = Debug|Any CPU
		Release|Any CPU = Release|Any CPU
	EndGlobalSection
	GlobalSection(ProjectConfigurationPlatforms) = postSolution
		{D64C1577-4929-4B60-939E-96DE1534891A}.Debug|Any CPU.ActiveCfg = Debug|Any CPU
		{D64C1577-4929-4B60-939E-96DE1534891A}.Debug|Any CPU.Build.0 = Debug|Any CPU
		{D64C1577-4929-4B60-939E-96DE1534891A}.Release|Any CPU.ActiveCfg = Release|Any CPU
		{D64C1577-4929-4B60-939E-96DE1534891A}.Release|Any CPU.Build.0 = Release|Any CPU
		{F2840BC7-0188-4606-9126-DADD0F5ABF7A}.Debug|Any CPU.ActiveCfg = Debug|Any CPU
		{F2840BC7-0188-4606-9126-DADD0F5ABF7A}.Debug|Any CPU.Build.0 = Debug|Any CPU
		{F2840BC7-0188-4606-9126-DADD0F5ABF7A}.Release|Any CPU.ActiveCfg = Release|Any CPU
		{F2840BC7-0188-4606-9126-DADD0F5ABF7A}.Release|Any CPU.Build.0 = Release|Any CPU
		{BD65D04F-08D5-40C1-8C24-77CA0BACB877}.Debug|Any CPU.ActiveCfg = Debug|Any CPU
		{BD65D04F-08D5-40C1-8C24-77CA0BACB877}.Debug|Any CPU.Build.0 = Debug|Any CPU
		{BD65D04F-08D5-40C1-8C24-77CA0BACB877}.Release|Any CPU.ActiveCfg = Release|Any CPU
		{BD65D04F-08D5-40C1-8C24-77CA0BACB877}.Release|Any CPU.Build.0 = Release|Any CPU
		{78040F9E-3501-4A40-82DF-00A597710F35}.Debug|Any CPU.ActiveCfg = Debug|Any CPU
		{78040F9E-3501-4A40-82DF-00A597710F35}.Debug|Any CPU.Build.0 = Debug|Any CPU
		{78040F9E-3501-4A40-82DF-00A597710F35}.Release|Any CPU.ActiveCfg = Release|Any CPU
		{78040F9E-3501-4A40-82DF-00A597710F35}.Release|Any CPU.Build.0 = Release|Any CPU
		{0CE86223-D31D-4315-A1F5-87BA3EE1B844}.Debug|Any CPU.ActiveCfg = Debug|Any CPU
		{0CE86223-D31D-4315-A1F5-87BA3EE1B844}.Debug|Any CPU.Build.0 = Debug|Any CPU
		{0CE86223-D31D-4315-A1F5-87BA3EE1B844}.Release|Any CPU.ActiveCfg = Release|Any CPU
		{0CE86223-D31D-4315-A1F5-87BA3EE1B844}.Release|Any CPU.Build.0 = Release|Any CPU
		{077AA5F8-8B61-420C-A6B5-0150A66FDB34}.Debug|Any CPU.ActiveCfg = Debug|Any CPU
		{077AA5F8-8B61-420C-A6B5-0150A66FDB34}.Debug|Any CPU.Build.0 = Debug|Any CPU
		{077AA5F8-8B61-420C-A6B5-0150A66FDB34}.Release|Any CPU.ActiveCfg = Release|Any CPU
		{077AA5F8-8B61-420C-A6B5-0150A66FDB34}.Release|Any CPU.Build.0 = Release|Any CPU
		{36E2735F-CEAB-44C8-A6D1-2CDAFF399751}.Debug|Any CPU.ActiveCfg = Debug|Any CPU
		{36E2735F-CEAB-44C8-A6D1-2CDAFF399751}.Debug|Any CPU.Build.0 = Debug|Any CPU
		{36E2735F-CEAB-44C8-A6D1-2CDAFF399751}.Release|Any CPU.ActiveCfg = Release|Any CPU
		{36E2735F-CEAB-44C8-A6D1-2CDAFF399751}.Release|Any CPU.Build.0 = Release|Any CPU
		{C5BB573D-3030-4BCB-88B7-F6A85C32766C}.Debug|Any CPU.ActiveCfg = Debug|Any CPU
		{C5BB573D-3030-4BCB-88B7-F6A85C32766C}.Debug|Any CPU.Build.0 = Debug|Any CPU
		{C5BB573D-3030-4BCB-88B7-F6A85C32766C}.Release|Any CPU.ActiveCfg = Release|Any CPU
		{C5BB573D-3030-4BCB-88B7-F6A85C32766C}.Release|Any CPU.Build.0 = Release|Any CPU
		{527F645C-C1FC-406E-8479-81386C8ECF13}.Debug|Any CPU.ActiveCfg = Debug|Any CPU
		{527F645C-C1FC-406E-8479-81386C8ECF13}.Debug|Any CPU.Build.0 = Debug|Any CPU
		{527F645C-C1FC-406E-8479-81386C8ECF13}.Release|Any CPU.ActiveCfg = Release|Any CPU
		{527F645C-C1FC-406E-8479-81386C8ECF13}.Release|Any CPU.Build.0 = Release|Any CPU
		{E60895E5-79C4-447D-88B7-85CB5BA336A4}.Debug|Any CPU.ActiveCfg = Debug|Any CPU
		{E60895E5-79C4-447D-88B7-85CB5BA336A4}.Debug|Any CPU.Build.0 = Debug|Any CPU
		{E60895E5-79C4-447D-88B7-85CB5BA336A4}.Release|Any CPU.ActiveCfg = Release|Any CPU
		{E60895E5-79C4-447D-88B7-85CB5BA336A4}.Release|Any CPU.Build.0 = Release|Any CPU
		{90CB5DC4-C040-45C7-8900-9688B26405BC}.Debug|Any CPU.ActiveCfg = Debug|Any CPU
		{90CB5DC4-C040-45C7-8900-9688B26405BC}.Debug|Any CPU.Build.0 = Debug|Any CPU
		{90CB5DC4-C040-45C7-8900-9688B26405BC}.Release|Any CPU.ActiveCfg = Release|Any CPU
		{90CB5DC4-C040-45C7-8900-9688B26405BC}.Release|Any CPU.Build.0 = Release|Any CPU
		{1EDCD6D4-DF3A-4E3B-ABB6-C0D0B373EAB8}.Debug|Any CPU.ActiveCfg = Debug|Any CPU
		{1EDCD6D4-DF3A-4E3B-ABB6-C0D0B373EAB8}.Debug|Any CPU.Build.0 = Debug|Any CPU
		{1EDCD6D4-DF3A-4E3B-ABB6-C0D0B373EAB8}.Release|Any CPU.ActiveCfg = Release|Any CPU
		{1EDCD6D4-DF3A-4E3B-ABB6-C0D0B373EAB8}.Release|Any CPU.Build.0 = Release|Any CPU
		{758CA6D3-AACA-476F-8F4D-7A7B45F2487F}.Debug|Any CPU.ActiveCfg = Debug|Any CPU
		{758CA6D3-AACA-476F-8F4D-7A7B45F2487F}.Debug|Any CPU.Build.0 = Debug|Any CPU
		{758CA6D3-AACA-476F-8F4D-7A7B45F2487F}.Release|Any CPU.ActiveCfg = Release|Any CPU
		{758CA6D3-AACA-476F-8F4D-7A7B45F2487F}.Release|Any CPU.Build.0 = Release|Any CPU
		{B271B9CF-DD5D-4DF1-AEFC-41A4CC99FB6F}.Debug|Any CPU.ActiveCfg = Debug|Any CPU
		{B271B9CF-DD5D-4DF1-AEFC-41A4CC99FB6F}.Debug|Any CPU.Build.0 = Debug|Any CPU
		{B271B9CF-DD5D-4DF1-AEFC-41A4CC99FB6F}.Release|Any CPU.ActiveCfg = Release|Any CPU
		{B271B9CF-DD5D-4DF1-AEFC-41A4CC99FB6F}.Release|Any CPU.Build.0 = Release|Any CPU
		{25DA74D0-7D75-499B-897F-852C3904D959}.Debug|Any CPU.ActiveCfg = Debug|Any CPU
		{25DA74D0-7D75-499B-897F-852C3904D959}.Debug|Any CPU.Build.0 = Debug|Any CPU
		{25DA74D0-7D75-499B-897F-852C3904D959}.Release|Any CPU.ActiveCfg = Release|Any CPU
		{25DA74D0-7D75-499B-897F-852C3904D959}.Release|Any CPU.Build.0 = Release|Any CPU
		{65B7E8C4-90B3-4C38-8077-13657182A17E}.Debug|Any CPU.ActiveCfg = Debug|Any CPU
		{65B7E8C4-90B3-4C38-8077-13657182A17E}.Debug|Any CPU.Build.0 = Debug|Any CPU
		{65B7E8C4-90B3-4C38-8077-13657182A17E}.Release|Any CPU.ActiveCfg = Release|Any CPU
		{65B7E8C4-90B3-4C38-8077-13657182A17E}.Release|Any CPU.Build.0 = Release|Any CPU
		{69C7D17C-0993-463F-A103-8232D43D7C55}.Debug|Any CPU.ActiveCfg = Debug|Any CPU
		{69C7D17C-0993-463F-A103-8232D43D7C55}.Debug|Any CPU.Build.0 = Debug|Any CPU
		{69C7D17C-0993-463F-A103-8232D43D7C55}.Release|Any CPU.ActiveCfg = Release|Any CPU
		{69C7D17C-0993-463F-A103-8232D43D7C55}.Release|Any CPU.Build.0 = Release|Any CPU
		{E214D561-D6C6-48FA-8534-AC54A0365242}.Debug|Any CPU.ActiveCfg = Debug|Any CPU
		{E214D561-D6C6-48FA-8534-AC54A0365242}.Debug|Any CPU.Build.0 = Debug|Any CPU
		{E214D561-D6C6-48FA-8534-AC54A0365242}.Release|Any CPU.ActiveCfg = Release|Any CPU
		{E214D561-D6C6-48FA-8534-AC54A0365242}.Release|Any CPU.Build.0 = Release|Any CPU
		{A78A6B6A-FD9A-454F-AC06-5FC88118E883}.Debug|Any CPU.ActiveCfg = Debug|Any CPU
		{A78A6B6A-FD9A-454F-AC06-5FC88118E883}.Debug|Any CPU.Build.0 = Debug|Any CPU
		{A78A6B6A-FD9A-454F-AC06-5FC88118E883}.Release|Any CPU.ActiveCfg = Release|Any CPU
		{A78A6B6A-FD9A-454F-AC06-5FC88118E883}.Release|Any CPU.Build.0 = Release|Any CPU
		{2C202C59-148C-4376-8E5E-6A53ADD1E19C}.Debug|Any CPU.ActiveCfg = Debug|Any CPU
		{2C202C59-148C-4376-8E5E-6A53ADD1E19C}.Debug|Any CPU.Build.0 = Debug|Any CPU
		{2C202C59-148C-4376-8E5E-6A53ADD1E19C}.Release|Any CPU.ActiveCfg = Release|Any CPU
		{2C202C59-148C-4376-8E5E-6A53ADD1E19C}.Release|Any CPU.Build.0 = Release|Any CPU
		{19336F72-1224-4C03-9A8B-17748A464011}.Debug|Any CPU.ActiveCfg = Debug|Any CPU
		{19336F72-1224-4C03-9A8B-17748A464011}.Debug|Any CPU.Build.0 = Debug|Any CPU
		{19336F72-1224-4C03-9A8B-17748A464011}.Release|Any CPU.ActiveCfg = Release|Any CPU
		{19336F72-1224-4C03-9A8B-17748A464011}.Release|Any CPU.Build.0 = Release|Any CPU
		{5D57DD2E-BC6D-431A-94B2-B876E67A6510}.Debug|Any CPU.ActiveCfg = Debug|Any CPU
		{5D57DD2E-BC6D-431A-94B2-B876E67A6510}.Debug|Any CPU.Build.0 = Debug|Any CPU
		{5D57DD2E-BC6D-431A-94B2-B876E67A6510}.Release|Any CPU.ActiveCfg = Release|Any CPU
		{5D57DD2E-BC6D-431A-94B2-B876E67A6510}.Release|Any CPU.Build.0 = Release|Any CPU
		{85349CC7-CDB6-4789-9FC4-FDDCB6D500EA}.Debug|Any CPU.ActiveCfg = Debug|Any CPU
		{85349CC7-CDB6-4789-9FC4-FDDCB6D500EA}.Debug|Any CPU.Build.0 = Debug|Any CPU
		{85349CC7-CDB6-4789-9FC4-FDDCB6D500EA}.Release|Any CPU.ActiveCfg = Release|Any CPU
		{85349CC7-CDB6-4789-9FC4-FDDCB6D500EA}.Release|Any CPU.Build.0 = Release|Any CPU
	EndGlobalSection
	GlobalSection(SolutionProperties) = preSolution
		HideSolutionNode = FALSE
	EndGlobalSection
	GlobalSection(NestedProjects) = preSolution
		{D64C1577-4929-4B60-939E-96DE1534891A} = {649A3FFA-182F-4E56-9717-E6A9A2BEC545}
		{F2840BC7-0188-4606-9126-DADD0F5ABF7A} = {649A3FFA-182F-4E56-9717-E6A9A2BEC545}
		{BD65D04F-08D5-40C1-8C24-77CA0BACB877} = {649A3FFA-182F-4E56-9717-E6A9A2BEC545}
		{78040F9E-3501-4A40-82DF-00A597710F35} = {649A3FFA-182F-4E56-9717-E6A9A2BEC545}
		{0CE86223-D31D-4315-A1F5-87BA3EE1B844} = {649A3FFA-182F-4E56-9717-E6A9A2BEC545}
		{077AA5F8-8B61-420C-A6B5-0150A66FDB34} = {649A3FFA-182F-4E56-9717-E6A9A2BEC545}
		{36E2735F-CEAB-44C8-A6D1-2CDAFF399751} = {649A3FFA-182F-4E56-9717-E6A9A2BEC545}
		{C5BB573D-3030-4BCB-88B7-F6A85C32766C} = {CCD2960C-23CC-4AB4-B84D-60C7AAA52F4D}
		{527F645C-C1FC-406E-8479-81386C8ECF13} = {CCD2960C-23CC-4AB4-B84D-60C7AAA52F4D}
		{E60895E5-79C4-447D-88B7-85CB5BA336A4} = {CCD2960C-23CC-4AB4-B84D-60C7AAA52F4D}
		{90CB5DC4-C040-45C7-8900-9688B26405BC} = {CCD2960C-23CC-4AB4-B84D-60C7AAA52F4D}
		{1EDCD6D4-DF3A-4E3B-ABB6-C0D0B373EAB8} = {CCD2960C-23CC-4AB4-B84D-60C7AAA52F4D}
		{758CA6D3-AACA-476F-8F4D-7A7B45F2487F} = {649A3FFA-182F-4E56-9717-E6A9A2BEC545}
		{B271B9CF-DD5D-4DF1-AEFC-41A4CC99FB6F} = {E400416D-2895-4512-9D17-90681EEC7E0A}
		{25DA74D0-7D75-499B-897F-852C3904D959} = {8D86EFA8-84A9-4B36-965C-B901C012D20F}
		{65B7E8C4-90B3-4C38-8077-13657182A17E} = {8D86EFA8-84A9-4B36-965C-B901C012D20F}
		{69C7D17C-0993-463F-A103-8232D43D7C55} = {8D86EFA8-84A9-4B36-965C-B901C012D20F}
		{E214D561-D6C6-48FA-8534-AC54A0365242} = {8D86EFA8-84A9-4B36-965C-B901C012D20F}
		{A78A6B6A-FD9A-454F-AC06-5FC88118E883} = {8D86EFA8-84A9-4B36-965C-B901C012D20F}
		{2C202C59-148C-4376-8E5E-6A53ADD1E19C} = {8D86EFA8-84A9-4B36-965C-B901C012D20F}
		{19336F72-1224-4C03-9A8B-17748A464011} = {F9D31E78-763E-4EDA-99D4-448D604452C1}
		{5D57DD2E-BC6D-431A-94B2-B876E67A6510} = {F9D31E78-763E-4EDA-99D4-448D604452C1}
		{F9D31E78-763E-4EDA-99D4-448D604452C1} = {E400416D-2895-4512-9D17-90681EEC7E0A}
		{85349CC7-CDB6-4789-9FC4-FDDCB6D500EA} = {9C98E8FE-1898-458D-9FFD-31ADC8B65293}
	EndGlobalSection
	GlobalSection(ExtensibilityGlobals) = postSolution
		SolutionGuid = {06BCD661-623F-7168-ED98-CE2E439949A2}
	EndGlobalSection
EndGlobal
